
Microsoft Visual Studio Solution File, Format Version 12.00
# Visual Studio Version 16
VisualStudioVersion = 16.0.30804.86
MinimumVisualStudioVersion = 10.0.40219.1
Project("{9A19103F-16F7-4668-BE54-9A1E7A4F7556}") = "Td n°2", "Td n°2\Td n°2.csproj", "{FB1463CA-DF86-48AA-816F-B23FECEA4F4B}"
EndProject
Project("{FAE04EC0-301F-11D3-BF4B-00C04F79EFBC}") = "Td n°2Tests", "Td n°2Tests\Td n°2Tests.csproj", "{F82D54D7-3C27-44EB-B24A-72B2CD4174BA}"
EndProject
Global
	GlobalSection(SolutionConfigurationPlatforms) = preSolution
		Debug|Any CPU = Debug|Any CPU
		Release|Any CPU = Release|Any CPU
	EndGlobalSection
	GlobalSection(ProjectConfigurationPlatforms) = postSolution
		{FB1463CA-DF86-48AA-816F-B23FECEA4F4B}.Debug|Any CPU.ActiveCfg = Debug|Any CPU
		{FB1463CA-DF86-48AA-816F-B23FECEA4F4B}.Debug|Any CPU.Build.0 = Debug|Any CPU
		{FB1463CA-DF86-48AA-816F-B23FECEA4F4B}.Release|Any CPU.ActiveCfg = Release|Any CPU
		{FB1463CA-DF86-48AA-816F-B23FECEA4F4B}.Release|Any CPU.Build.0 = Release|Any CPU
		{F82D54D7-3C27-44EB-B24A-72B2CD4174BA}.Debug|Any CPU.ActiveCfg = Debug|Any CPU
		{F82D54D7-3C27-44EB-B24A-72B2CD4174BA}.Debug|Any CPU.Build.0 = Debug|Any CPU
		{F82D54D7-3C27-44EB-B24A-72B2CD4174BA}.Release|Any CPU.ActiveCfg = Release|Any CPU
		{F82D54D7-3C27-44EB-B24A-72B2CD4174BA}.Release|Any CPU.Build.0 = Release|Any CPU
	EndGlobalSection
	GlobalSection(SolutionProperties) = preSolution
		HideSolutionNode = FALSE
	EndGlobalSection
	GlobalSection(ExtensibilityGlobals) = postSolution
		SolutionGuid = {AB03D68E-C4B2-435F-85EA-FF65F1B153BA}
	EndGlobalSection
EndGlobal
